
Microsoft Visual Studio Solution File, Format Version 12.00
# Visual Studio Version 16
VisualStudioVersion = 16.0.30503.244
MinimumVisualStudioVersion = 10.0.40219.1
Project("{9A19103F-16F7-4668-BE54-9A1E7A4F7556}") = "CodingTest", "CodingTest\CodingTest.csproj", "{C2BCFF57-E468-489B-8C0F-6C25764F09FE}"
EndProject
Project("{FAE04EC0-301F-11D3-BF4B-00C04F79EFBC}") = "CodingTest.Test", "CodingTest.Test\CodingTest.Test.csproj", "{01A0EF86-92BC-4D7C-8855-1E1328B14A4A}"
EndProject
Global
	GlobalSection(SolutionConfigurationPlatforms) = preSolution
		Debug|Any CPU = Debug|Any CPU
		Release|Any CPU = Release|Any CPU
	EndGlobalSection
	GlobalSection(ProjectConfigurationPlatforms) = postSolution
		{C2BCFF57-E468-489B-8C0F-6C25764F09FE}.Debug|Any CPU.ActiveCfg = Debug|Any CPU
		{C2BCFF57-E468-489B-8C0F-6C25764F09FE}.Debug|Any CPU.Build.0 = Debug|Any CPU
		{C2BCFF57-E468-489B-8C0F-6C25764F09FE}.Release|Any CPU.ActiveCfg = Release|Any CPU
		{C2BCFF57-E468-489B-8C0F-6C25764F09FE}.Release|Any CPU.Build.0 = Release|Any CPU
		{01A0EF86-92BC-4D7C-8855-1E1328B14A4A}.Debug|Any CPU.ActiveCfg = Debug|Any CPU
		{01A0EF86-92BC-4D7C-8855-1E1328B14A4A}.Debug|Any CPU.Build.0 = Debug|Any CPU
		{01A0EF86-92BC-4D7C-8855-1E1328B14A4A}.Release|Any CPU.ActiveCfg = Release|Any CPU
		{01A0EF86-92BC-4D7C-8855-1E1328B14A4A}.Release|Any CPU.Build.0 = Release|Any CPU
	EndGlobalSection
	GlobalSection(SolutionProperties) = preSolution
		HideSolutionNode = FALSE
	EndGlobalSection
	GlobalSection(ExtensibilityGlobals) = postSolution
		SolutionGuid = {54D8088A-33CC-4559-AC62-B63389B5E561}
	EndGlobalSection
EndGlobal
